
Microsoft Visual Studio Solution File, Format Version 12.00
# Visual Studio 15
Project("{FAE04EC0-301F-11D3-BF4B-00C04F79EFBC}") = "NavMeshComponents", "NavMeshComponents.csproj", "{99159FB0-8D31-C0DD-0B80-11D5613EF058}"
EndProject
Project("{FAE04EC0-301F-11D3-BF4B-00C04F79EFBC}") = "Assembly-CSharp", "Assembly-CSharp.csproj", "{D702961A-C621-AEB1-B7D0-DD99E7A0FB07}"
EndProject
Project("{FAE04EC0-301F-11D3-BF4B-00C04F79EFBC}") = "NavMeshComponentsEditor", "NavMeshComponentsEditor.csproj", "{02CDC532-A1CF-3B7C-2E1B-EC335D34B79F}"
EndProject
Global
	GlobalSection(SolutionConfigurationPlatforms) = preSolution
		Debug|Any CPU = Debug|Any CPU
		Release|Any CPU = Release|Any CPU
	EndGlobalSection
	GlobalSection(ProjectConfigurationPlatforms) = postSolution
		{99159FB0-8D31-C0DD-0B80-11D5613EF058}.Debug|Any CPU.ActiveCfg = Debug|Any CPU
		{99159FB0-8D31-C0DD-0B80-11D5613EF058}.Debug|Any CPU.Build.0 = Debug|Any CPU
		{99159FB0-8D31-C0DD-0B80-11D5613EF058}.Release|Any CPU.ActiveCfg = Release|Any CPU
		{99159FB0-8D31-C0DD-0B80-11D5613EF058}.Release|Any CPU.Build.0 = Release|Any CPU
		{D702961A-C621-AEB1-B7D0-DD99E7A0FB07}.Debug|Any CPU.ActiveCfg = Debug|Any CPU
		{D702961A-C621-AEB1-B7D0-DD99E7A0FB07}.Debug|Any CPU.Build.0 = Debug|Any CPU
		{D702961A-C621-AEB1-B7D0-DD99E7A0FB07}.Release|Any CPU.ActiveCfg = Release|Any CPU
		{D702961A-C621-AEB1-B7D0-DD99E7A0FB07}.Release|Any CPU.Build.0 = Release|Any CPU
		{02CDC532-A1CF-3B7C-2E1B-EC335D34B79F}.Debug|Any CPU.ActiveCfg = Debug|Any CPU
		{02CDC532-A1CF-3B7C-2E1B-EC335D34B79F}.Debug|Any CPU.Build.0 = Debug|Any CPU
		{02CDC532-A1CF-3B7C-2E1B-EC335D34B79F}.Release|Any CPU.ActiveCfg = Release|Any CPU
		{02CDC532-A1CF-3B7C-2E1B-EC335D34B79F}.Release|Any CPU.Build.0 = Release|Any CPU
	EndGlobalSection
	GlobalSection(SolutionProperties) = preSolution
		HideSolutionNode = FALSE
	EndGlobalSection
EndGlobal
